
Microsoft Visual Studio Solution File, Format Version 10.00
# Visual Studio 2008
Project("{8BC9CEB8-8B4A-11D0-8D11-00A0C91BC942}") = "SciLexer", "SciLexer.vcproj", "{0E2A9488-A9FF-49CE-A1CD-12848871A1DF}"
EndProject
Global
	GlobalSection(SolutionConfigurationPlatforms) = preSolution
		Debug|Win32 = Debug|Win32
		Release|Win32 = Release|Win32
	EndGlobalSection
	GlobalSection(ProjectConfigurationPlatforms) = postSolution
		{0E2A9488-A9FF-49CE-A1CD-12848871A1DF}.Debug|Win32.ActiveCfg = Debug|Win32
		{0E2A9488-A9FF-49CE-A1CD-12848871A1DF}.Debug|Win32.Build.0 = Debug|Win32
		{0E2A9488-A9FF-49CE-A1CD-12848871A1DF}.Release|Win32.ActiveCfg = Release|Win32
		{0E2A9488-A9FF-49CE-A1CD-12848871A1DF}.Release|Win32.Build.0 = Release|Win32
	EndGlobalSection
	GlobalSection(SolutionProperties) = preSolution
		HideSolutionNode = FALSE
	EndGlobalSection
EndGlobal
